
Microsoft Visual Studio Solution File, Format Version 12.00
# Visual Studio 14
VisualStudioVersion = 14.0.23107.0
MinimumVisualStudioVersion = 10.0.40219.1
Project("{8BC9CEB8-8B4A-11D0-8D11-00A0C91BC942}") = "CTPTradeApiSimpleDemoVC2015", "CTPTradeApiSimpleDemoVC2015.vcxproj", "{3C5178E7-FDD1-4E43-828C-62CE9433446E}"
EndProject
Global
	GlobalSection(SolutionConfigurationPlatforms) = preSolution
		Debug|x86 = Debug|x86
		Release|x86 = Release|x86
	EndGlobalSection
	GlobalSection(ProjectConfigurationPlatforms) = postSolution
		{3C5178E7-FDD1-4E43-828C-62CE9433446E}.Debug|x86.ActiveCfg = Debug|Win32
		{3C5178E7-FDD1-4E43-828C-62CE9433446E}.Debug|x86.Build.0 = Debug|Win32
		{3C5178E7-FDD1-4E43-828C-62CE9433446E}.Release|x86.ActiveCfg = Release|Win32
		{3C5178E7-FDD1-4E43-828C-62CE9433446E}.Release|x86.Build.0 = Release|Win32
	EndGlobalSection
	GlobalSection(SolutionProperties) = preSolution
		HideSolutionNode = FALSE
	EndGlobalSection
EndGlobal
